
Microsoft Visual Studio Solution File, Format Version 12.00
# Visual Studio Version 17
VisualStudioVersion = 17.3.32901.215
MinimumVisualStudioVersion = 10.0.40219.1
Project("{FAE04EC0-301F-11D3-BF4B-00C04F79EFBC}") = "ASPX01", "ASPX01\ASPX01.csproj", "{32EFA83B-8C69-4836-A877-6F98994460B5}"
EndProject
Global
	GlobalSection(SolutionConfigurationPlatforms) = preSolution
		Debug|Any CPU = Debug|Any CPU
		Release|Any CPU = Release|Any CPU
	EndGlobalSection
	GlobalSection(ProjectConfigurationPlatforms) = postSolution
		{32EFA83B-8C69-4836-A877-6F98994460B5}.Debug|Any CPU.ActiveCfg = Debug|Any CPU
		{32EFA83B-8C69-4836-A877-6F98994460B5}.Debug|Any CPU.Build.0 = Debug|Any CPU
		{32EFA83B-8C69-4836-A877-6F98994460B5}.Release|Any CPU.ActiveCfg = Release|Any CPU
		{32EFA83B-8C69-4836-A877-6F98994460B5}.Release|Any CPU.Build.0 = Release|Any CPU
	EndGlobalSection
	GlobalSection(SolutionProperties) = preSolution
		HideSolutionNode = FALSE
	EndGlobalSection
	GlobalSection(ExtensibilityGlobals) = postSolution
		SolutionGuid = {A7A3013F-26E9-4C36-8979-45384824B8B7}
	EndGlobalSection
EndGlobal
